
Microsoft Visual Studio Solution File, Format Version 12.00
# Visual Studio Version 17
VisualStudioVersion = 17.3.32804.467
MinimumVisualStudioVersion = 10.0.40219.1
Project("{FAE04EC0-301F-11D3-BF4B-00C04F79EFBC}") = "Phase1Section4.4", "Phase1Section4.4\Phase1Section4.4.csproj", "{F12B700D-FD2A-4D3B-BD24-78A3A59C2615}"
EndProject
Global
	GlobalSection(SolutionConfigurationPlatforms) = preSolution
		Debug|Any CPU = Debug|Any CPU
		Release|Any CPU = Release|Any CPU
	EndGlobalSection
	GlobalSection(ProjectConfigurationPlatforms) = postSolution
		{F12B700D-FD2A-4D3B-BD24-78A3A59C2615}.Debug|Any CPU.ActiveCfg = Debug|Any CPU
		{F12B700D-FD2A-4D3B-BD24-78A3A59C2615}.Debug|Any CPU.Build.0 = Debug|Any CPU
		{F12B700D-FD2A-4D3B-BD24-78A3A59C2615}.Release|Any CPU.ActiveCfg = Release|Any CPU
		{F12B700D-FD2A-4D3B-BD24-78A3A59C2615}.Release|Any CPU.Build.0 = Release|Any CPU
	EndGlobalSection
	GlobalSection(SolutionProperties) = preSolution
		HideSolutionNode = FALSE
	EndGlobalSection
	GlobalSection(ExtensibilityGlobals) = postSolution
		SolutionGuid = {A20EBA8C-D411-440F-95F8-1C2832CB389E}
	EndGlobalSection
EndGlobal
